
Microsoft Visual Studio Solution File, Format Version 12.00
# Visual Studio Version 17
VisualStudioVersion = 17.7.34031.279
MinimumVisualStudioVersion = 10.0.40219.1
Project("{2150E333-8FDC-42A3-9474-1A3956D46DE8}") = "01-BasicConcepts", "01-BasicConcepts", "{47788D69-154C-448A-A04A-317814ADCAA5}"
EndProject
Project("{2150E333-8FDC-42A3-9474-1A3956D46DE8}") = "02-Blazor", "02-Blazor", "{15ABB4F5-4D99-4A58-9E81-1D42850680CC}"
EndProject
Project("{2150E333-8FDC-42A3-9474-1A3956D46DE8}") = "01A-StateActionsReducersTutorial", "01A-StateActionsReducersTutorial", "{2CF45411-5F7B-470C-B016-EFE4C386F417}"
EndProject
Project("{FAE04EC0-301F-11D3-BF4B-00C04F79EFBC}") = "StateActionsReducersTutorial", "StateActionsReducersTutorial\StateActionsReducersTutorial.csproj", "{9336A620-E08E-46E7-8807-37129E0639B7}"
EndProject
Project("{2150E333-8FDC-42A3-9474-1A3956D46DE8}") = "01B-EffectsTutorial", "01B-EffectsTutorial", "{23407AAE-20DF-4294-BF1A-FDE12A5AAFDC}"
EndProject
Project("{FAE04EC0-301F-11D3-BF4B-00C04F79EFBC}") = "EffectsTutorial", "EffectsTutorial\EffectsTutorial.csproj", "{9EA09864-A45E-49DA-B862-11E8D196DC87}"
EndProject
Project("{2150E333-8FDC-42A3-9474-1A3956D46DE8}") = "01C-MiddlewareTutorial", "01C-MiddlewareTutorial", "{2B444AD5-1992-41EC-A828-C037F6738E5F}"
EndProject
Project("{FAE04EC0-301F-11D3-BF4B-00C04F79EFBC}") = "MiddlewareTutorial", "MiddlewareTutorial\MiddlewareTutorial.csproj", "{8DA4ED3A-C9AE-4A18-B28C-3614233EFB18}"
EndProject
Global
	GlobalSection(SolutionConfigurationPlatforms) = preSolution
		Debug|Any CPU = Debug|Any CPU
		Release|Any CPU = Release|Any CPU
	EndGlobalSection
	GlobalSection(ProjectConfigurationPlatforms) = postSolution
		{9336A620-E08E-46E7-8807-37129E0639B7}.Debug|Any CPU.ActiveCfg = Debug|Any CPU
		{9336A620-E08E-46E7-8807-37129E0639B7}.Debug|Any CPU.Build.0 = Debug|Any CPU
		{9336A620-E08E-46E7-8807-37129E0639B7}.Release|Any CPU.ActiveCfg = Release|Any CPU
		{9336A620-E08E-46E7-8807-37129E0639B7}.Release|Any CPU.Build.0 = Release|Any CPU
		{9EA09864-A45E-49DA-B862-11E8D196DC87}.Debug|Any CPU.ActiveCfg = Debug|Any CPU
		{9EA09864-A45E-49DA-B862-11E8D196DC87}.Debug|Any CPU.Build.0 = Debug|Any CPU
		{9EA09864-A45E-49DA-B862-11E8D196DC87}.Release|Any CPU.ActiveCfg = Release|Any CPU
		{9EA09864-A45E-49DA-B862-11E8D196DC87}.Release|Any CPU.Build.0 = Release|Any CPU
		{8DA4ED3A-C9AE-4A18-B28C-3614233EFB18}.Debug|Any CPU.ActiveCfg = Debug|Any CPU
		{8DA4ED3A-C9AE-4A18-B28C-3614233EFB18}.Debug|Any CPU.Build.0 = Debug|Any CPU
		{8DA4ED3A-C9AE-4A18-B28C-3614233EFB18}.Release|Any CPU.ActiveCfg = Release|Any CPU
		{8DA4ED3A-C9AE-4A18-B28C-3614233EFB18}.Release|Any CPU.Build.0 = Release|Any CPU
	EndGlobalSection
	GlobalSection(SolutionProperties) = preSolution
		HideSolutionNode = FALSE
	EndGlobalSection
	GlobalSection(NestedProjects) = preSolution
		{2CF45411-5F7B-470C-B016-EFE4C386F417} = {47788D69-154C-448A-A04A-317814ADCAA5}
		{9336A620-E08E-46E7-8807-37129E0639B7} = {2CF45411-5F7B-470C-B016-EFE4C386F417}
		{23407AAE-20DF-4294-BF1A-FDE12A5AAFDC} = {47788D69-154C-448A-A04A-317814ADCAA5}
		{9EA09864-A45E-49DA-B862-11E8D196DC87} = {23407AAE-20DF-4294-BF1A-FDE12A5AAFDC}
		{2B444AD5-1992-41EC-A828-C037F6738E5F} = {47788D69-154C-448A-A04A-317814ADCAA5}
		{8DA4ED3A-C9AE-4A18-B28C-3614233EFB18} = {2B444AD5-1992-41EC-A828-C037F6738E5F}
	EndGlobalSection
	GlobalSection(ExtensibilityGlobals) = postSolution
		SolutionGuid = {3B28B015-D4EB-4815-89BD-67959AFBFE93}
	EndGlobalSection
EndGlobal
